// !$*UTF8*$!
{
	archiveVersion = 1;
	classes = {
	};
	objectVersion = 50;
	objects = {

/* Begin PBXBuildFile section */
		66678CE97C9DFBB0EC5BF8AD /* Pods_TweetsTests.framework in Frameworks */ = {isa = PBXBuildFile; fileRef = 5652541CF2E4B473C3E4078E /* Pods_TweetsTests.framework */; };
		7C8B2598252F8485006D0023 /* AppDelegate.swift in Sources */ = {isa = PBXBuildFile; fileRef = 7C8B2597252F8485006D0023 /* AppDelegate.swift */; };
		7C8B25A1252F8487006D0023 /* Assets.xcassets in Resources */ = {isa = PBXBuildFile; fileRef = 7C8B25A0252F8487006D0023 /* Assets.xcassets */; };
		7C8B25A4252F8487006D0023 /* LaunchScreen.storyboard in Resources */ = {isa = PBXBuildFile; fileRef = 7C8B25A2252F8487006D0023 /* LaunchScreen.storyboard */; };
		7C8B25AF252F8488006D0023 /* TweetsTests.swift in Sources */ = {isa = PBXBuildFile; fileRef = 7C8B25AE252F8488006D0023 /* TweetsTests.swift */; };
		7C8B25BA252F8488006D0023 /* TweetsUITests.swift in Sources */ = {isa = PBXBuildFile; fileRef = 7C8B25B9252F8488006D0023 /* TweetsUITests.swift */; };
		7C97B9F0252F868900237BB6 /* Welcome.storyboard in Resources */ = {isa = PBXBuildFile; fileRef = 7C97B9EF252F868900237BB6 /* Welcome.storyboard */; };
		A3A87B3A56C8186D73713CBB /* Pods_Tweets_TweetsUITests.framework in Frameworks */ = {isa = PBXBuildFile; fileRef = 9A1094940E3B59653D9B724F /* Pods_Tweets_TweetsUITests.framework */; };
		F829434F3E53994688F4F078 /* Pods_Tweets.framework in Frameworks */ = {isa = PBXBuildFile; fileRef = 96831E3459DAC6392FDE6F46 /* Pods_Tweets.framework */; };
/* End PBXBuildFile section */

/* Begin PBXContainerItemProxy section */
		7C8B25AB252F8488006D0023 /* PBXContainerItemProxy */ = {
			isa = PBXContainerItemProxy;
			containerPortal = 7C8B258C252F8485006D0023 /* Project object */;
			proxyType = 1;
			remoteGlobalIDString = 7C8B2593252F8485006D0023;
			remoteInfo = Tweets;
		};
		7C8B25B6252F8488006D0023 /* PBXContainerItemProxy */ = {
			isa = PBXContainerItemProxy;
			containerPortal = 7C8B258C252F8485006D0023 /* Project object */;
			proxyType = 1;
			remoteGlobalIDString = 7C8B2593252F8485006D0023;
			remoteInfo = Tweets;
		};
/* End PBXContainerItemProxy section */

/* Begin PBXFileReference section */
		280E064A337209D0A67C8638 /* Pods-Tweets-TweetsUITests.debug.xcconfig */ = {isa = PBXFileReference; includeInIndex = 1; lastKnownFileType = text.xcconfig; name = "Pods-Tweets-TweetsUITests.debug.xcconfig"; path = "Target Support Files/Pods-Tweets-TweetsUITests/Pods-Tweets-TweetsUITests.debug.xcconfig"; sourceTree = "<group>"; };
		2B57C92C03589510BE3B477D /* Pods-Tweets.release.xcconfig */ = {isa = PBXFileReference; includeInIndex = 1; lastKnownFileType = text.xcconfig; name = "Pods-Tweets.release.xcconfig"; path = "Target Support Files/Pods-Tweets/Pods-Tweets.release.xcconfig"; sourceTree = "<group>"; };
		44B0C02A8810C22CFF8C9EB6 /* Pods-Tweets.debug.xcconfig */ = {isa = PBXFileReference; includeInIndex = 1; lastKnownFileType = text.xcconfig; name = "Pods-Tweets.debug.xcconfig"; path = "Target Support Files/Pods-Tweets/Pods-Tweets.debug.xcconfig"; sourceTree = "<group>"; };
		5652541CF2E4B473C3E4078E /* Pods_TweetsTests.framework */ = {isa = PBXFileReference; explicitFileType = wrapper.framework; includeInIndex = 0; path = Pods_TweetsTests.framework; sourceTree = BUILT_PRODUCTS_DIR; };
		5DEF8E320556FAE0D55DC125 /* Pods-Tweets-TweetsUITests.release.xcconfig */ = {isa = PBXFileReference; includeInIndex = 1; lastKnownFileType = text.xcconfig; name = "Pods-Tweets-TweetsUITests.release.xcconfig"; path = "Target Support Files/Pods-Tweets-TweetsUITests/Pods-Tweets-TweetsUITests.release.xcconfig"; sourceTree = "<group>"; };
		69E9E5F2A64C5F9F2CFDF184 /* Pods-TweetsTests.release.xcconfig */ = {isa = PBXFileReference; includeInIndex = 1; lastKnownFileType = text.xcconfig; name = "Pods-TweetsTests.release.xcconfig"; path = "Target Support Files/Pods-TweetsTests/Pods-TweetsTests.release.xcconfig"; sourceTree = "<group>"; };
		7C8B2594252F8485006D0023 /* Tweets.app */ = {isa = PBXFileReference; explicitFileType = wrapper.application; includeInIndex = 0; path = Tweets.app; sourceTree = BUILT_PRODUCTS_DIR; };
		7C8B2597252F8485006D0023 /* AppDelegate.swift */ = {isa = PBXFileReference; lastKnownFileType = sourcecode.swift; path = AppDelegate.swift; sourceTree = "<group>"; };
		7C8B25A0252F8487006D0023 /* Assets.xcassets */ = {isa = PBXFileReference; lastKnownFileType = folder.assetcatalog; path = Assets.xcassets; sourceTree = "<group>"; };
		7C8B25A3252F8487006D0023 /* Base */ = {isa = PBXFileReference; lastKnownFileType = file.storyboard; name = Base; path = Base.lproj/LaunchScreen.storyboard; sourceTree = "<group>"; };
		7C8B25A5252F8487006D0023 /* Info.plist */ = {isa = PBXFileReference; lastKnownFileType = text.plist.xml; path = Info.plist; sourceTree = "<group>"; };
		7C8B25AA252F8488006D0023 /* TweetsTests.xctest */ = {isa = PBXFileReference; explicitFileType = wrapper.cfbundle; includeInIndex = 0; path = TweetsTests.xctest; sourceTree = BUILT_PRODUCTS_DIR; };
		7C8B25AE252F8488006D0023 /* TweetsTests.swift */ = {isa = PBXFileReference; lastKnownFileType = sourcecode.swift; path = TweetsTests.swift; sourceTree = "<group>"; };
		7C8B25B0252F8488006D0023 /* Info.plist */ = {isa = PBXFileReference; lastKnownFileType = text.plist.xml; path = Info.plist; sourceTree = "<group>"; };
		7C8B25B5252F8488006D0023 /* TweetsUITests.xctest */ = {isa = PBXFileReference; explicitFileType = wrapper.cfbundle; includeInIndex = 0; path = TweetsUITests.xctest; sourceTree = BUILT_PRODUCTS_DIR; };
		7C8B25B9252F8488006D0023 /* TweetsUITests.swift */ = {isa = PBXFileReference; lastKnownFileType = sourcecode.swift; path = TweetsUITests.swift; sourceTree = "<group>"; };
		7C8B25BB252F8488006D0023 /* Info.plist */ = {isa = PBXFileReference; lastKnownFileType = text.plist.xml; path = Info.plist; sourceTree = "<group>"; };
		7C97B9EF252F868900237BB6 /* Welcome.storyboard */ = {isa = PBXFileReference; lastKnownFileType = file.storyboard; path = Welcome.storyboard; sourceTree = "<group>"; };
		96831E3459DAC6392FDE6F46 /* Pods_Tweets.framework */ = {isa = PBXFileReference; explicitFileType = wrapper.framework; includeInIndex = 0; path = Pods_Tweets.framework; sourceTree = BUILT_PRODUCTS_DIR; };
		9A1094940E3B59653D9B724F /* Pods_Tweets_TweetsUITests.framework */ = {isa = PBXFileReference; explicitFileType = wrapper.framework; includeInIndex = 0; path = Pods_Tweets_TweetsUITests.framework; sourceTree = BUILT_PRODUCTS_DIR; };
		CF050ECDD3BFC4C9CB373FF4 /* Pods-TweetsTests.debug.xcconfig */ = {isa = PBXFileReference; includeInIndex = 1; lastKnownFileType = text.xcconfig; name = "Pods-TweetsTests.debug.xcconfig"; path = "Target Support Files/Pods-TweetsTests/Pods-TweetsTests.debug.xcconfig"; sourceTree = "<group>"; };
/* End PBXFileReference section */

/* Begin PBXFrameworksBuildPhase section */
		7C8B2591252F8485006D0023 /* Frameworks */ = {
			isa = PBXFrameworksBuildPhase;
			buildActionMask = 2147483647;
			files = (
				F829434F3E53994688F4F078 /* Pods_Tweets.framework in Frameworks */,
			);
			runOnlyForDeploymentPostprocessing = 0;
		};
		7C8B25A7252F8488006D0023 /* Frameworks */ = {
			isa = PBXFrameworksBuildPhase;
			buildActionMask = 2147483647;
			files = (
				66678CE97C9DFBB0EC5BF8AD /* Pods_TweetsTests.framework in Frameworks */,
			);
			runOnlyForDeploymentPostprocessing = 0;
		};
		7C8B25B2252F8488006D0023 /* Frameworks */ = {
			isa = PBXFrameworksBuildPhase;
			buildActionMask = 2147483647;
			files = (
				A3A87B3A56C8186D73713CBB /* Pods_Tweets_TweetsUITests.framework in Frameworks */,
			);
			runOnlyForDeploymentPostprocessing = 0;
		};
/* End PBXFrameworksBuildPhase section */

/* Begin PBXGroup section */
		622015E4EE46AF3F9CAC1A74 /* Pods */ = {
			isa = PBXGroup;
			children = (
				44B0C02A8810C22CFF8C9EB6 /* Pods-Tweets.debug.xcconfig */,
				2B57C92C03589510BE3B477D /* Pods-Tweets.release.xcconfig */,
				280E064A337209D0A67C8638 /* Pods-Tweets-TweetsUITests.debug.xcconfig */,
				5DEF8E320556FAE0D55DC125 /* Pods-Tweets-TweetsUITests.release.xcconfig */,
				CF050ECDD3BFC4C9CB373FF4 /* Pods-TweetsTests.debug.xcconfig */,
				69E9E5F2A64C5F9F2CFDF184 /* Pods-TweetsTests.release.xcconfig */,
			);
			name = Pods;
			path = Pods;
			sourceTree = "<group>";
		};
		6A1117A37098D49D1F1D55E2 /* Frameworks */ = {
			isa = PBXGroup;
			children = (
				96831E3459DAC6392FDE6F46 /* Pods_Tweets.framework */,
				9A1094940E3B59653D9B724F /* Pods_Tweets_TweetsUITests.framework */,
				5652541CF2E4B473C3E4078E /* Pods_TweetsTests.framework */,
			);
			name = Frameworks;
			sourceTree = "<group>";
		};
		7C8B258B252F8485006D0023 = {
			isa = PBXGroup;
			children = (
				7C8B2596252F8485006D0023 /* Tweets */,
				7C8B25AD252F8488006D0023 /* TweetsTests */,
				7C8B25B8252F8488006D0023 /* TweetsUITests */,
				7C8B2595252F8485006D0023 /* Products */,
				622015E4EE46AF3F9CAC1A74 /* Pods */,
				6A1117A37098D49D1F1D55E2 /* Frameworks */,
			);
			sourceTree = "<group>";
		};
		7C8B2595252F8485006D0023 /* Products */ = {
			isa = PBXGroup;
			children = (
				7C8B2594252F8485006D0023 /* Tweets.app */,
				7C8B25AA252F8488006D0023 /* TweetsTests.xctest */,
				7C8B25B5252F8488006D0023 /* TweetsUITests.xctest */,
			);
			name = Products;
			sourceTree = "<group>";
		};
		7C8B2596252F8485006D0023 /* Tweets */ = {
			isa = PBXGroup;
			children = (
				7C97B9ED252F864000237BB6 /* Modules */,
				7C97B9EC252F85FB00237BB6 /* Commons */,
				7C8B25A5252F8487006D0023 /* Info.plist */,
			);
			path = Tweets;
			sourceTree = "<group>";
		};
		7C8B25AD252F8488006D0023 /* TweetsTests */ = {
			isa = PBXGroup;
			children = (
				7C8B25AE252F8488006D0023 /* TweetsTests.swift */,
				7C8B25B0252F8488006D0023 /* Info.plist */,
			);
			path = TweetsTests;
			sourceTree = "<group>";
		};
		7C8B25B8252F8488006D0023 /* TweetsUITests */ = {
			isa = PBXGroup;
			children = (
				7C8B25B9252F8488006D0023 /* TweetsUITests.swift */,
				7C8B25BB252F8488006D0023 /* Info.plist */,
			);
			path = TweetsUITests;
			sourceTree = "<group>";
		};
		7C97B9EC252F85FB00237BB6 /* Commons */ = {
			isa = PBXGroup;
			children = (
				7C8B2597252F8485006D0023 /* AppDelegate.swift */,
				7C8B25A0252F8487006D0023 /* Assets.xcassets */,
				7C8B25A2252F8487006D0023 /* LaunchScreen.storyboard */,
			);
			path = Commons;
			sourceTree = "<group>";
		};
		7C97B9ED252F864000237BB6 /* Modules */ = {
			isa = PBXGroup;
			children = (
				7C97B9EE252F864F00237BB6 /* Welcome */,
			);
			path = Modules;
			sourceTree = "<group>";
		};
		7C97B9EE252F864F00237BB6 /* Welcome */ = {
			isa = PBXGroup;
			children = (
				7C97B9EF252F868900237BB6 /* Welcome.storyboard */,
			);
			path = Welcome;
			sourceTree = "<group>";
		};
/* End PBXGroup section */

/* Begin PBXNativeTarget section */
		7C8B2593252F8485006D0023 /* Tweets */ = {
			isa = PBXNativeTarget;
			buildConfigurationList = 7C8B25BE252F8488006D0023 /* Build configuration list for PBXNativeTarget "Tweets" */;
			buildPhases = (
				BB0067D6ED506D7F3DB061C6 /* [CP] Check Pods Manifest.lock */,
				7C8B2590252F8485006D0023 /* Sources */,
				7C8B2591252F8485006D0023 /* Frameworks */,
				7C8B2592252F8485006D0023 /* Resources */,
				EF60ADC7556D92EB4ECE9400 /* [CP] Embed Pods Frameworks */,
			);
			buildRules = (
			);
			dependencies = (
			);
			name = Tweets;
			productName = Tweets;
			productReference = 7C8B2594252F8485006D0023 /* Tweets.app */;
			productType = "com.apple.product-type.application";
		};
		7C8B25A9252F8488006D0023 /* TweetsTests */ = {
			isa = PBXNativeTarget;
			buildConfigurationList = 7C8B25C1252F8488006D0023 /* Build configuration list for PBXNativeTarget "TweetsTests" */;
			buildPhases = (
				271579D8A064C4D47A3D0316 /* [CP] Check Pods Manifest.lock */,
				7C8B25A6252F8488006D0023 /* Sources */,
				7C8B25A7252F8488006D0023 /* Frameworks */,
				7C8B25A8252F8488006D0023 /* Resources */,
			);
			buildRules = (
			);
			dependencies = (
				7C8B25AC252F8488006D0023 /* PBXTargetDependency */,
			);
			name = TweetsTests;
			productName = TweetsTests;
			productReference = 7C8B25AA252F8488006D0023 /* TweetsTests.xctest */;
			productType = "com.apple.product-type.bundle.unit-test";
		};
		7C8B25B4252F8488006D0023 /* TweetsUITests */ = {
			isa = PBXNativeTarget;
			buildConfigurationList = 7C8B25C4252F8488006D0023 /* Build configuration list for PBXNativeTarget "TweetsUITests" */;
			buildPhases = (
				DD366494D803D36715BFC39A /* [CP] Check Pods Manifest.lock */,
				7C8B25B1252F8488006D0023 /* Sources */,
				7C8B25B2252F8488006D0023 /* Frameworks */,
				7C8B25B3252F8488006D0023 /* Resources */,
				1F81C8F332DA486C762ADBA1 /* [CP] Embed Pods Frameworks */,
			);
			buildRules = (
			);
			dependencies = (
				7C8B25B7252F8488006D0023 /* PBXTargetDependency */,
			);
			name = TweetsUITests;
			productName = TweetsUITests;
			productReference = 7C8B25B5252F8488006D0023 /* TweetsUITests.xctest */;
			productType = "com.apple.product-type.bundle.ui-testing";
		};
/* End PBXNativeTarget section */

/* Begin PBXProject section */
		7C8B258C252F8485006D0023 /* Project object */ = {
			isa = PBXProject;
			attributes = {
				LastSwiftUpdateCheck = 1160;
				LastUpgradeCheck = 1160;
				ORGANIZATIONNAME = Platzi;
				TargetAttributes = {
					7C8B2593252F8485006D0023 = {
						CreatedOnToolsVersion = 11.6;
					};
					7C8B25A9252F8488006D0023 = {
						CreatedOnToolsVersion = 11.6;
						TestTargetID = 7C8B2593252F8485006D0023;
					};
					7C8B25B4252F8488006D0023 = {
						CreatedOnToolsVersion = 11.6;
						TestTargetID = 7C8B2593252F8485006D0023;
					};
				};
			};
			buildConfigurationList = 7C8B258F252F8485006D0023 /* Build configuration list for PBXProject "Tweets" */;
			compatibilityVersion = "Xcode 9.3";
			developmentRegion = en;
			hasScannedForEncodings = 0;
			knownRegions = (
				en,
				Base,
			);
			mainGroup = 7C8B258B252F8485006D0023;
			productRefGroup = 7C8B2595252F8485006D0023 /* Products */;
			projectDirPath = "";
			projectRoot = "";
			targets = (
				7C8B2593252F8485006D0023 /* Tweets */,
				7C8B25A9252F8488006D0023 /* TweetsTests */,
				7C8B25B4252F8488006D0023 /* TweetsUITests */,
			);
		};
/* End PBXProject section */

/* Begin PBXResourcesBuildPhase section */
		7C8B2592252F8485006D0023 /* Resources */ = {
			isa = PBXResourcesBuildPhase;
			buildActionMask = 2147483647;
			files = (
				7C8B25A4252F8487006D0023 /* LaunchScreen.storyboard in Resources */,
				7C8B25A1252F8487006D0023 /* Assets.xcassets in Resources */,
				7C97B9F0252F868900237BB6 /* Welcome.storyboard in Resources */,
			);
			runOnlyForDeploymentPostprocessing = 0;
		};
		7C8B25A8252F8488006D0023 /* Resources */ = {
			isa = PBXResourcesBuildPhase;
			buildActionMask = 2147483647;
			files = (
			);
			runOnlyForDeploymentPostprocessing = 0;
		};
		7C8B25B3252F8488006D0023 /* Resources */ = {
			isa = PBXResourcesBuildPhase;
			buildActionMask = 2147483647;
			files = (
			);
			runOnlyForDeploymentPostprocessing = 0;
		};
/* End PBXResourcesBuildPhase section */

/* Begin PBXShellScriptBuildPhase section */
		1F81C8F332DA486C762ADBA1 /* [CP] Embed Pods Frameworks */ = {
			isa = PBXShellScriptBuildPhase;
			buildActionMask = 2147483647;
			files = (
			);
			inputFileListPaths = (
				"${PODS_ROOT}/Target Support Files/Pods-Tweets-TweetsUITests/Pods-Tweets-TweetsUITests-frameworks-${CONFIGURATION}-input-files.xcfilelist",
			);
			name = "[CP] Embed Pods Frameworks";
			outputFileListPaths = (
				"${PODS_ROOT}/Target Support Files/Pods-Tweets-TweetsUITests/Pods-Tweets-TweetsUITests-frameworks-${CONFIGURATION}-output-files.xcfilelist",
			);
			runOnlyForDeploymentPostprocessing = 0;
			shellPath = /bin/sh;
			shellScript = "\"${PODS_ROOT}/Target Support Files/Pods-Tweets-TweetsUITests/Pods-Tweets-TweetsUITests-frameworks.sh\"\n";
			showEnvVarsInLog = 0;
		};
		271579D8A064C4D47A3D0316 /* [CP] Check Pods Manifest.lock */ = {
			isa = PBXShellScriptBuildPhase;
			buildActionMask = 2147483647;
			files = (
			);
			inputFileListPaths = (
			);
			inputPaths = (
				"${PODS_PODFILE_DIR_PATH}/Podfile.lock",
				"${PODS_ROOT}/Manifest.lock",
			);
			name = "[CP] Check Pods Manifest.lock";
			outputFileListPaths = (
			);
			outputPaths = (
				"$(DERIVED_FILE_DIR)/Pods-TweetsTests-checkManifestLockResult.txt",
			);
			runOnlyForDeploymentPostprocessing = 0;
			shellPath = /bin/sh;
			shellScript = "diff \"${PODS_PODFILE_DIR_PATH}/Podfile.lock\" \"${PODS_ROOT}/Manifest.lock\" > /dev/null\nif [ $? != 0 ] ; then\n    # print error to STDERR\n    echo \"error: The sandbox is not in sync with the Podfile.lock. Run 'pod install' or update your CocoaPods installation.\" >&2\n    exit 1\nfi\n# This output is used by Xcode 'outputs' to avoid re-running this script phase.\necho \"SUCCESS\" > \"${SCRIPT_OUTPUT_FILE_0}\"\n";
			showEnvVarsInLog = 0;
		};
		BB0067D6ED506D7F3DB061C6 /* [CP] Check Pods Manifest.lock */ = {
			isa = PBXShellScriptBuildPhase;
			buildActionMask = 2147483647;
			files = (
			);
			inputFileListPaths = (
			);
			inputPaths = (
				"${PODS_PODFILE_DIR_PATH}/Podfile.lock",
				"${PODS_ROOT}/Manifest.lock",
			);
			name = "[CP] Check Pods Manifest.lock";
			outputFileListPaths = (
			);
			outputPaths = (
				"$(DERIVED_FILE_DIR)/Pods-Tweets-checkManifestLockResult.txt",
			);
			runOnlyForDeploymentPostprocessing = 0;
			shellPath = /bin/sh;
			shellScript = "diff \"${PODS_PODFILE_DIR_PATH}/Podfile.lock\" \"${PODS_ROOT}/Manifest.lock\" > /dev/null\nif [ $? != 0 ] ; then\n    # print error to STDERR\n    echo \"error: The sandbox is not in sync with the Podfile.lock. Run 'pod install' or update your CocoaPods installation.\" >&2\n    exit 1\nfi\n# This output is used by Xcode 'outputs' to avoid re-running this script phase.\necho \"SUCCESS\" > \"${SCRIPT_OUTPUT_FILE_0}\"\n";
			showEnvVarsInLog = 0;
		};
		DD366494D803D36715BFC39A /* [CP] Check Pods Manifest.lock */ = {
			isa = PBXShellScriptBuildPhase;
			buildActionMask = 2147483647;
			files = (
			);
			inputFileListPaths = (
			);
			inputPaths = (
				"${PODS_PODFILE_DIR_PATH}/Podfile.lock",
				"${PODS_ROOT}/Manifest.lock",
			);
			name = "[CP] Check Pods Manifest.lock";
			outputFileListPaths = (
			);
			outputPaths = (
				"$(DERIVED_FILE_DIR)/Pods-Tweets-TweetsUITests-checkManifestLockResult.txt",
			);
			runOnlyForDeploymentPostprocessing = 0;
			shellPath = /bin/sh;
			shellScript = "diff \"${PODS_PODFILE_DIR_PATH}/Podfile.lock\" \"${PODS_ROOT}/Manifest.lock\" > /dev/null\nif [ $? != 0 ] ; then\n    # print error to STDERR\n    echo \"error: The sandbox is not in sync with the Podfile.lock. Run 'pod install' or update your CocoaPods installation.\" >&2\n    exit 1\nfi\n# This output is used by Xcode 'outputs' to avoid re-running this script phase.\necho \"SUCCESS\" > \"${SCRIPT_OUTPUT_FILE_0}\"\n";
			showEnvVarsInLog = 0;
		};
		EF60ADC7556D92EB4ECE9400 /* [CP] Embed Pods Frameworks */ = {
			isa = PBXShellScriptBuildPhase;
			buildActionMask = 2147483647;
			files = (
			);
			inputFileListPaths = (
				"${PODS_ROOT}/Target Support Files/Pods-Tweets/Pods-Tweets-frameworks-${CONFIGURATION}-input-files.xcfilelist",
			);
			name = "[CP] Embed Pods Frameworks";
			outputFileListPaths = (
				"${PODS_ROOT}/Target Support Files/Pods-Tweets/Pods-Tweets-frameworks-${CONFIGURATION}-output-files.xcfilelist",
			);
			runOnlyForDeploymentPostprocessing = 0;
			shellPath = /bin/sh;
			shellScript = "\"${PODS_ROOT}/Target Support Files/Pods-Tweets/Pods-Tweets-frameworks.sh\"\n";
			showEnvVarsInLog = 0;
		};
/* End PBXShellScriptBuildPhase section */

/* Begin PBXSourcesBuildPhase section */
		7C8B2590252F8485006D0023 /* Sources */ = {
			isa = PBXSourcesBuildPhase;
			buildActionMask = 2147483647;
			files = (
				7C8B2598252F8485006D0023 /* AppDelegate.swift in Sources */,
			);
			runOnlyForDeploymentPostprocessing = 0;
		};
		7C8B25A6252F8488006D0023 /* Sources */ = {
			isa = PBXSourcesBuildPhase;
			buildActionMask = 2147483647;
			files = (
				7C8B25AF252F8488006D0023 /* TweetsTests.swift in Sources */,
			);
			runOnlyForDeploymentPostprocessing = 0;
		};
		7C8B25B1252F8488006D0023 /* Sources */ = {
			isa = PBXSourcesBuildPhase;
			buildActionMask = 2147483647;
			files = (
				7C8B25BA252F8488006D0023 /* TweetsUITests.swift in Sources */,
			);
			runOnlyForDeploymentPostprocessing = 0;
		};
/* End PBXSourcesBuildPhase section */

/* Begin PBXTargetDependency section */
		7C8B25AC252F8488006D0023 /* PBXTargetDependency */ = {
			isa = PBXTargetDependency;
			target = 7C8B2593252F8485006D0023 /* Tweets */;
			targetProxy = 7C8B25AB252F8488006D0023 /* PBXContainerItemProxy */;
		};
		7C8B25B7252F8488006D0023 /* PBXTargetDependency */ = {
			isa = PBXTargetDependency;
			target = 7C8B2593252F8485006D0023 /* Tweets */;
			targetProxy = 7C8B25B6252F8488006D0023 /* PBXContainerItemProxy */;
		};
/* End PBXTargetDependency section */

/* Begin PBXVariantGroup section */
		7C8B25A2252F8487006D0023 /* LaunchScreen.storyboard */ = {
			isa = PBXVariantGroup;
			children = (
				7C8B25A3252F8487006D0023 /* Base */,
			);
			name = LaunchScreen.storyboard;
			sourceTree = "<group>";
		};
/* End PBXVariantGroup section */

/* Begin XCBuildConfiguration section */
		7C8B25BC252F8488006D0023 /* Debug */ = {
			isa = XCBuildConfiguration;
			buildSettings = {
				ALWAYS_SEARCH_USER_PATHS = NO;
				CLANG_ANALYZER_NONNULL = YES;
				CLANG_ANALYZER_NUMBER_OBJECT_CONVERSION = YES_AGGRESSIVE;
				CLANG_CXX_LANGUAGE_STANDARD = "gnu++14";
				CLANG_CXX_LIBRARY = "libc++";
				CLANG_ENABLE_MODULES = YES;
				CLANG_ENABLE_OBJC_ARC = YES;
				CLANG_ENABLE_OBJC_WEAK = YES;
				CLANG_WARN_BLOCK_CAPTURE_AUTORELEASING = YES;
				CLANG_WARN_BOOL_CONVERSION = YES;
				CLANG_WARN_COMMA = YES;
				CLANG_WARN_CONSTANT_CONVERSION = YES;
				CLANG_WARN_DEPRECATED_OBJC_IMPLEMENTATIONS = YES;
				CLANG_WARN_DIRECT_OBJC_ISA_USAGE = YES_ERROR;
				CLANG_WARN_DOCUMENTATION_COMMENTS = YES;
				CLANG_WARN_EMPTY_BODY = YES;
				CLANG_WARN_ENUM_CONVERSION = YES;
				CLANG_WARN_INFINITE_RECURSION = YES;
				CLANG_WARN_INT_CONVERSION = YES;
				CLANG_WARN_NON_LITERAL_NULL_CONVERSION = YES;
				CLANG_WARN_OBJC_IMPLICIT_RETAIN_SELF = YES;
				CLANG_WARN_OBJC_LITERAL_CONVERSION = YES;
				CLANG_WARN_OBJC_ROOT_CLASS = YES_ERROR;
				CLANG_WARN_RANGE_LOOP_ANALYSIS = YES;
				CLANG_WARN_STRICT_PROTOTYPES = YES;
				CLANG_WARN_SUSPICIOUS_MOVE = YES;
				CLANG_WARN_UNGUARDED_AVAILABILITY = YES_AGGRESSIVE;
				CLANG_WARN_UNREACHABLE_CODE = YES;
				CLANG_WARN__DUPLICATE_METHOD_MATCH = YES;
				COPY_PHASE_STRIP = NO;
				DEBUG_INFORMATION_FORMAT = dwarf;
				ENABLE_STRICT_OBJC_MSGSEND = YES;
				ENABLE_TESTABILITY = YES;
				GCC_C_LANGUAGE_STANDARD = gnu11;
				GCC_DYNAMIC_NO_PIC = NO;
				GCC_NO_COMMON_BLOCKS = YES;
				GCC_OPTIMIZATION_LEVEL = 0;
				GCC_PREPROCESSOR_DEFINITIONS = (
					"DEBUG=1",
					"$(inherited)",
				);
				GCC_WARN_64_TO_32_BIT_CONVERSION = YES;
				GCC_WARN_ABOUT_RETURN_TYPE = YES_ERROR;
				GCC_WARN_UNDECLARED_SELECTOR = YES;
				GCC_WARN_UNINITIALIZED_AUTOS = YES_AGGRESSIVE;
				GCC_WARN_UNUSED_FUNCTION = YES;
				GCC_WARN_UNUSED_VARIABLE = YES;
				IPHONEOS_DEPLOYMENT_TARGET = 13.6;
				MTL_ENABLE_DEBUG_INFO = INCLUDE_SOURCE;
				MTL_FAST_MATH = YES;
				ONLY_ACTIVE_ARCH = YES;
				SDKROOT = iphoneos;
				SWIFT_ACTIVE_COMPILATION_CONDITIONS = DEBUG;
				SWIFT_OPTIMIZATION_LEVEL = "-Onone";
			};
			name = Debug;
		};
		7C8B25BD252F8488006D0023 /* Release */ = {
			isa = XCBuildConfiguration;
			buildSettings = {
				ALWAYS_SEARCH_USER_PATHS = NO;
				CLANG_ANALYZER_NONNULL = YES;
				CLANG_ANALYZER_NUMBER_OBJECT_CONVERSION = YES_AGGRESSIVE;
				CLANG_CXX_LANGUAGE_STANDARD = "gnu++14";
				CLANG_CXX_LIBRARY = "libc++";
				CLANG_ENABLE_MODULES = YES;
				CLANG_ENABLE_OBJC_ARC = YES;
				CLANG_ENABLE_OBJC_WEAK = YES;
				CLANG_WARN_BLOCK_CAPTURE_AUTORELEASING = YES;
				CLANG_WARN_BOOL_CONVERSION = YES;
				CLANG_WARN_COMMA = YES;
				CLANG_WARN_CONSTANT_CONVERSION = YES;
				CLANG_WARN_DEPRECATED_OBJC_IMPLEMENTATIONS = YES;
				CLANG_WARN_DIRECT_OBJC_ISA_USAGE = YES_ERROR;
				CLANG_WARN_DOCUMENTATION_COMMENTS = YES;
				CLANG_WARN_EMPTY_BODY = YES;
				CLANG_WARN_ENUM_CONVERSION = YES;
				CLANG_WARN_INFINITE_RECURSION = YES;
				CLANG_WARN_INT_CONVERSION = YES;
				CLANG_WARN_NON_LITERAL_NULL_CONVERSION = YES;
				CLANG_WARN_OBJC_IMPLICIT_RETAIN_SELF = YES;
				CLANG_WARN_OBJC_LITERAL_CONVERSION = YES;
				CLANG_WARN_OBJC_ROOT_CLASS = YES_ERROR;
				CLANG_WARN_RANGE_LOOP_ANALYSIS = YES;
				CLANG_WARN_STRICT_PROTOTYPES = YES;
				CLANG_WARN_SUSPICIOUS_MOVE = YES;
				CLANG_WARN_UNGUARDED_AVAILABILITY = YES_AGGRESSIVE;
				CLANG_WARN_UNREACHABLE_CODE = YES;
				CLANG_WARN__DUPLICATE_METHOD_MATCH = YES;
				COPY_PHASE_STRIP = NO;
				DEBUG_INFORMATION_FORMAT = "dwarf-with-dsym";
				ENABLE_NS_ASSERTIONS = NO;
				ENABLE_STRICT_OBJC_MSGSEND = YES;
				GCC_C_LANGUAGE_STANDARD = gnu11;
				GCC_NO_COMMON_BLOCKS = YES;
				GCC_WARN_64_TO_32_BIT_CONVERSION = YES;
				GCC_WARN_ABOUT_RETURN_TYPE = YES_ERROR;
				GCC_WARN_UNDECLARED_SELECTOR = YES;
				GCC_WARN_UNINITIALIZED_AUTOS = YES_AGGRESSIVE;
				GCC_WARN_UNUSED_FUNCTION = YES;
				GCC_WARN_UNUSED_VARIABLE = YES;
				IPHONEOS_DEPLOYMENT_TARGET = 13.6;
				MTL_ENABLE_DEBUG_INFO = NO;
				MTL_FAST_MATH = YES;
				SDKROOT = iphoneos;
				SWIFT_COMPILATION_MODE = wholemodule;
				SWIFT_OPTIMIZATION_LEVEL = "-O";
				VALIDATE_PRODUCT = YES;
			};
			name = Release;
		};
		7C8B25BF252F8488006D0023 /* Debug */ = {
			isa = XCBuildConfiguration;
			baseConfigurationReference = 44B0C02A8810C22CFF8C9EB6 /* Pods-Tweets.debug.xcconfig */;
			buildSettings = {
				ASSETCATALOG_COMPILER_APPICON_NAME = AppIcon;
				CODE_SIGN_STYLE = Automatic;
				DEVELOPMENT_TEAM = NFYY63TQQ2;
				INFOPLIST_FILE = Tweets/Info.plist;
				IPHONEOS_DEPLOYMENT_TARGET = 10.3;
				LD_RUNPATH_SEARCH_PATHS = (
					"$(inherited)",
					"@executable_path/Frameworks",
				);
				PRODUCT_BUNDLE_IDENTIFIER = com.platzi.platziTweets.Tweets;
				PRODUCT_NAME = "$(TARGET_NAME)";
				SWIFT_VERSION = 5.0;
				TARGETED_DEVICE_FAMILY = 1;
			};
			name = Debug;
		};
		7C8B25C0252F8488006D0023 /* Release */ = {
			isa = XCBuildConfiguration;
			baseConfigurationReference = 2B57C92C03589510BE3B477D /* Pods-Tweets.release.xcconfig */;
			buildSettings = {
				ASSETCATALOG_COMPILER_APPICON_NAME = AppIcon;
				CODE_SIGN_STYLE = Automatic;
				DEVELOPMENT_TEAM = NFYY63TQQ2;
				INFOPLIST_FILE = Tweets/Info.plist;
				IPHONEOS_DEPLOYMENT_TARGET = 10.3;
				LD_RUNPATH_SEARCH_PATHS = (
					"$(inherited)",
					"@executable_path/Frameworks",
				);
				PRODUCT_BUNDLE_IDENTIFIER = com.platzi.platziTweets.Tweets;
				PRODUCT_NAME = "$(TARGET_NAME)";
				SWIFT_VERSION = 5.0;
				TARGETED_DEVICE_FAMILY = 1;
			};
			name = Release;
		};
		7C8B25C2252F8488006D0023 /* Debug */ = {
			isa = XCBuildConfiguration;
			baseConfigurationReference = CF050ECDD3BFC4C9CB373FF4 /* Pods-TweetsTests.debug.xcconfig */;
			buildSettings = {
				ALWAYS_EMBED_SWIFT_STANDARD_LIBRARIES = YES;
				BUNDLE_LOADER = "$(TEST_HOST)";
				CODE_SIGN_STYLE = Automatic;
				DEVELOPMENT_TEAM = NFYY63TQQ2;
				INFOPLIST_FILE = TweetsTests/Info.plist;
				IPHONEOS_DEPLOYMENT_TARGET = 13.6;
				LD_RUNPATH_SEARCH_PATHS = (
					"$(inherited)",
					"@executable_path/Frameworks",
					"@loader_path/Frameworks",
				);
				PRODUCT_BUNDLE_IDENTIFIER = com.platzi.platziTweets.TweetsTests;
				PRODUCT_NAME = "$(TARGET_NAME)";
				SWIFT_VERSION = 5.0;
				TARGETED_DEVICE_FAMILY = "1,2";
				TEST_HOST = "$(BUILT_PRODUCTS_DIR)/Tweets.app/Tweets";
			};
			name = Debug;
		};
		7C8B25C3252F8488006D0023 /* Release */ = {
			isa = XCBuildConfiguration;
			baseConfigurationReference = 69E9E5F2A64C5F9F2CFDF184 /* Pods-TweetsTests.release.xcconfig */;
			buildSettings = {
				ALWAYS_EMBED_SWIFT_STANDARD_LIBRARIES = YES;
				BUNDLE_LOADER = "$(TEST_HOST)";
				CODE_SIGN_STYLE = Automatic;
				DEVELOPMENT_TEAM = NFYY63TQQ2;
				INFOPLIST_FILE = TweetsTests/Info.plist;
				IPHONEOS_DEPLOYMENT_TARGET = 13.6;
				LD_RUNPATH_SEARCH_PATHS = (
					"$(inherited)",
					"@executable_path/Frameworks",
					"@loader_path/Frameworks",
				);
				PRODUCT_BUNDLE_IDENTIFIER = com.platzi.platziTweets.TweetsTests;
				PRODUCT_NAME = "$(TARGET_NAME)";
				SWIFT_VERSION = 5.0;
				TARGETED_DEVICE_FAMILY = "1,2";
				TEST_HOST = "$(BUILT_PRODUCTS_DIR)/Tweets.app/Tweets";
			};
			name = Release;
		};
		7C8B25C5252F8488006D0023 /* Debug */ = {
			isa = XCBuildConfiguration;
			baseConfigurationReference = 280E064A337209D0A67C8638 /* Pods-Tweets-TweetsUITests.debug.xcconfig */;
			buildSettings = {
				ALWAYS_EMBED_SWIFT_STANDARD_LIBRARIES = YES;
				CODE_SIGN_STYLE = Automatic;
				DEVELOPMENT_TEAM = NFYY63TQQ2;
				INFOPLIST_FILE = TweetsUITests/Info.plist;
				LD_RUNPATH_SEARCH_PATHS = (
					"$(inherited)",
					"@executable_path/Frameworks",
					"@loader_path/Frameworks",
				);
				PRODUCT_BUNDLE_IDENTIFIER = com.platzi.platziTweets.TweetsUITests;
				PRODUCT_NAME = "$(TARGET_NAME)";
				SWIFT_VERSION = 5.0;
				TARGETED_DEVICE_FAMILY = "1,2";
				TEST_TARGET_NAME = Tweets;
			};
			name = Debug;
		};
		7C8B25C6252F8488006D0023 /* Release */ = {
			isa = XCBuildConfiguration;
			baseConfigurationReference = 5DEF8E320556FAE0D55DC125 /* Pods-Tweets-TweetsUITests.release.xcconfig */;
			buildSettings = {
				ALWAYS_EMBED_SWIFT_STANDARD_LIBRARIES = YES;
				CODE_SIGN_STYLE = Automatic;
				DEVELOPMENT_TEAM = NFYY63TQQ2;
				INFOPLIST_FILE = TweetsUITests/Info.plist;
				LD_RUNPATH_SEARCH_PATHS = (
					"$(inherited)",
					"@executable_path/Frameworks",
					"@loader_path/Frameworks",
				);
				PRODUCT_BUNDLE_IDENTIFIER = com.platzi.platziTweets.TweetsUITests;
				PRODUCT_NAME = "$(TARGET_NAME)";
				SWIFT_VERSION = 5.0;
				TARGETED_DEVICE_FAMILY = "1,2";
				TEST_TARGET_NAME = Tweets;
			};
			name = Release;
		};
/* End XCBuildConfiguration section */

/* Begin XCConfigurationList section */
		7C8B258F252F8485006D0023 /* Build configuration list for PBXProject "Tweets" */ = {
			isa = XCConfigurationList;
			buildConfigurations = (
				7C8B25BC252F8488006D0023 /* Debug */,
				7C8B25BD252F8488006D0023 /* Release */,
			);
			defaultConfigurationIsVisible = 0;
			defaultConfigurationName = Release;
		};
		7C8B25BE252F8488006D0023 /* Build configuration list for PBXNativeTarget "Tweets" */ = {
			isa = XCConfigurationList;
			buildConfigurations = (
				7C8B25BF252F8488006D0023 /* Debug */,
				7C8B25C0252F8488006D0023 /* Release */,
			);
			defaultConfigurationIsVisible = 0;
			defaultConfigurationName = Release;
		};
		7C8B25C1252F8488006D0023 /* Build configuration list for PBXNativeTarget "TweetsTests" */ = {
			isa = XCConfigurationList;
			buildConfigurations = (
				7C8B25C2252F8488006D0023 /* Debug */,
				7C8B25C3252F8488006D0023 /* Release */,
			);
			defaultConfigurationIsVisible = 0;
			defaultConfigurationName = Release;
		};
		7C8B25C4252F8488006D0023 /* Build configuration list for PBXNativeTarget "TweetsUITests" */ = {
			isa = XCConfigurationList;
			buildConfigurations = (
				7C8B25C5252F8488006D0023 /* Debug */,
				7C8B25C6252F8488006D0023 /* Release */,
			);
			defaultConfigurationIsVisible = 0;
			defaultConfigurationName = Release;
		};
/* End XCConfigurationList section */
	};
	rootObject = 7C8B258C252F8485006D0023 /* Project object */;
}
